
Microsoft Visual Studio Solution File, Format Version 12.00
# Visual Studio Version 17
VisualStudioVersion = 17.11.35222.181
MinimumVisualStudioVersion = 10.0.40219.1
Project("{9A19103F-16F7-4668-BE54-9A1E7A4F7556}") = "Lab2", "Lab2.csproj", "{2406F8E2-45E9-407F-ADA1-D3F4F1E77A43}"
EndProject
Project("{FAE04EC0-301F-11D3-BF4B-00C04F79EFBC}") = "Laba2", "..\Laba2\Laba2.csproj", "{93AA287B-AB3A-4B12-9541-B452919196BE}"
EndProject
Global
	GlobalSection(SolutionConfigurationPlatforms) = preSolution
		Debug|Any CPU = Debug|Any CPU
		Release|Any CPU = Release|Any CPU
	EndGlobalSection
	GlobalSection(ProjectConfigurationPlatforms) = postSolution
		{2406F8E2-45E9-407F-ADA1-D3F4F1E77A43}.Debug|Any CPU.ActiveCfg = Debug|Any CPU
		{2406F8E2-45E9-407F-ADA1-D3F4F1E77A43}.Debug|Any CPU.Build.0 = Debug|Any CPU
		{2406F8E2-45E9-407F-ADA1-D3F4F1E77A43}.Release|Any CPU.ActiveCfg = Release|Any CPU
		{2406F8E2-45E9-407F-ADA1-D3F4F1E77A43}.Release|Any CPU.Build.0 = Release|Any CPU
		{93AA287B-AB3A-4B12-9541-B452919196BE}.Debug|Any CPU.ActiveCfg = Debug|Any CPU
		{93AA287B-AB3A-4B12-9541-B452919196BE}.Debug|Any CPU.Build.0 = Debug|Any CPU
		{93AA287B-AB3A-4B12-9541-B452919196BE}.Release|Any CPU.ActiveCfg = Release|Any CPU
		{93AA287B-AB3A-4B12-9541-B452919196BE}.Release|Any CPU.Build.0 = Release|Any CPU
	EndGlobalSection
	GlobalSection(SolutionProperties) = preSolution
		HideSolutionNode = FALSE
	EndGlobalSection
	GlobalSection(ExtensibilityGlobals) = postSolution
		SolutionGuid = {C1EF47BD-A654-4D39-9BC9-DDDA46AB1920}
	EndGlobalSection
EndGlobal
