
Microsoft Visual Studio Solution File, Format Version 12.00
# Visual Studio Version 17
VisualStudioVersion = 17.12.35728.132 d17.12
MinimumVisualStudioVersion = 10.0.40219.1
Project("{FAE04EC0-301F-11D3-BF4B-00C04F79EFBC}") = "MyGame", "MyGame\MyGame.csproj", "{6530DC9D-E7E3-4611-BAE7-8B4309A5AB52}"
EndProject
Global
	GlobalSection(SolutionConfigurationPlatforms) = preSolution
		Debug|Any CPU = Debug|Any CPU
		Release|Any CPU = Release|Any CPU
	EndGlobalSection
	GlobalSection(ProjectConfigurationPlatforms) = postSolution
		{6530DC9D-E7E3-4611-BAE7-8B4309A5AB52}.Debug|Any CPU.ActiveCfg = Debug|Any CPU
		{6530DC9D-E7E3-4611-BAE7-8B4309A5AB52}.Debug|Any CPU.Build.0 = Debug|Any CPU
		{6530DC9D-E7E3-4611-BAE7-8B4309A5AB52}.Release|Any CPU.ActiveCfg = Release|Any CPU
		{6530DC9D-E7E3-4611-BAE7-8B4309A5AB52}.Release|Any CPU.Build.0 = Release|Any CPU
	EndGlobalSection
	GlobalSection(SolutionProperties) = preSolution
		HideSolutionNode = FALSE
	EndGlobalSection
EndGlobal
