
Microsoft Visual Studio Solution File, Format Version 12.00
# Visual Studio Version 17
VisualStudioVersion = 17.13.35931.197 d17.13
MinimumVisualStudioVersion = 10.0.40219.1
Project("{FAE04EC0-301F-11D3-BF4B-00C04F79EFBC}") = "Tkachev_KR", "Tkachev_KR\Tkachev_KR.csproj", "{D06C328E-36E5-4FDC-A7CC-DF171245E87C}"
EndProject
Global
	GlobalSection(SolutionConfigurationPlatforms) = preSolution
		Debug|Any CPU = Debug|Any CPU
		Release|Any CPU = Release|Any CPU
	EndGlobalSection
	GlobalSection(ProjectConfigurationPlatforms) = postSolution
		{D06C328E-36E5-4FDC-A7CC-DF171245E87C}.Debug|Any CPU.ActiveCfg = Debug|Any CPU
		{D06C328E-36E5-4FDC-A7CC-DF171245E87C}.Debug|Any CPU.Build.0 = Debug|Any CPU
		{D06C328E-36E5-4FDC-A7CC-DF171245E87C}.Release|Any CPU.ActiveCfg = Release|Any CPU
		{D06C328E-36E5-4FDC-A7CC-DF171245E87C}.Release|Any CPU.Build.0 = Release|Any CPU
	EndGlobalSection
	GlobalSection(SolutionProperties) = preSolution
		HideSolutionNode = FALSE
	EndGlobalSection
	GlobalSection(ExtensibilityGlobals) = postSolution
		SolutionGuid = {92A08E1D-A0CA-4886-8609-4E56D6B5BAE8}
	EndGlobalSection
EndGlobal
