
Microsoft Visual Studio Solution File, Format Version 12.00
# Visual Studio Version 17
VisualStudioVersion = 17.11.35222.181
MinimumVisualStudioVersion = 10.0.40219.1
Project("{FAE04EC0-301F-11D3-BF4B-00C04F79EFBC}") = "Biblioteka", "Biblioteka.csproj", "{A4288C1C-88D1-4F04-BB7F-DC4303336868}"
EndProject
Global
	GlobalSection(SolutionConfigurationPlatforms) = preSolution
		Debug|Any CPU = Debug|Any CPU
		Release|Any CPU = Release|Any CPU
	EndGlobalSection
	GlobalSection(ProjectConfigurationPlatforms) = postSolution
		{A4288C1C-88D1-4F04-BB7F-DC4303336868}.Debug|Any CPU.ActiveCfg = Debug|Any CPU
		{A4288C1C-88D1-4F04-BB7F-DC4303336868}.Debug|Any CPU.Build.0 = Debug|Any CPU
		{A4288C1C-88D1-4F04-BB7F-DC4303336868}.Release|Any CPU.ActiveCfg = Release|Any CPU
		{A4288C1C-88D1-4F04-BB7F-DC4303336868}.Release|Any CPU.Build.0 = Release|Any CPU
	EndGlobalSection
	GlobalSection(SolutionProperties) = preSolution
		HideSolutionNode = FALSE
	EndGlobalSection
	GlobalSection(ExtensibilityGlobals) = postSolution
		SolutionGuid = {59E2962A-DB77-42F7-93F5-FDF9D1194651}
	EndGlobalSection
EndGlobal
